<?xml version="1.0" encoding="utf-8"?>
<Project ToolsVersion="4.0" xmlns="http://schemas.microsoft.com/developer/msbuild/2003">
  <ItemGroup>
    <Filter Include="源文件">
      <UniqueIdentifier>{4FC737F1-C7A5-4376-A066-2A32D752A2FF}</UniqueIdentifier>
      <Extensions>cpp;c;cc;cxx;def;odl;idl;hpj;bat;asm;asmx</Extensions>
    </Filter>
    <Filter Include="头文件">
      <UniqueIdentifier>{93995380-89BD-4b04-88EB-625FBE52EBFB}</UniqueIdentifier>
      <Extensions>h;hh;hpp;hxx;hm;inl;inc;xsd</Extensions>
    </Filter>
    <Filter Include="资源文件">
      <UniqueIdentifier>{67DA6AB6-F800-4c08-8B7A-83BB121AAD01}</UniqueIdentifier>
      <Extensions>rc;ico;cur;bmp;dlg;rc2;rct;bin;rgs;gif;jpg;jpeg;jpe;resx;tiff;tif;png;wav;mfcribbon-ms</Extensions>
    </Filter>
    <Filter Include="Problem 10-Regular Expression Matching">
      <UniqueIdentifier>{31d2f6c9-22fc-4e3f-b3cc-45c2be09f06d}</UniqueIdentifier>
    </Filter>
    <Filter Include="Problem 11-Container With Most Water">
      <UniqueIdentifier>{16c9c178-265d-4d15-9420-a7459618bbe6}</UniqueIdentifier>
    </Filter>
    <Filter Include="Problem 12-Integer to Roman">
      <UniqueIdentifier>{35953dbe-314b-4663-aa28-c65b7bd9674b}</UniqueIdentifier>
    </Filter>
    <Filter Include="Problem 13-Roman to Integer">
      <UniqueIdentifier>{951c1e31-b828-4e86-9c25-abc3aa9fd5a5}</UniqueIdentifier>
    </Filter>
    <Filter Include="Problem 14-Longest Common Prefix">
      <UniqueIdentifier>{450f667e-c85b-4440-9fc1-273cf4e9e359}</UniqueIdentifier>
    </Filter>
    <Filter Include="Problem 15-3Sum">
      <UniqueIdentifier>{198c8fcb-c22a-4852-b0e5-95b6066d21d3}</UniqueIdentifier>
    </Filter>
    <Filter Include="common">
      <UniqueIdentifier>{a3af125f-5769-4e9d-b0e7-52e3903468dc}</UniqueIdentifier>
    </Filter>
    <Filter Include="Problem 16-3Sum Closest">
      <UniqueIdentifier>{3821b16d-1711-412c-87c5-b1bf854cabaf}</UniqueIdentifier>
    </Filter>
    <Filter Include="Problem 17-Letter Combinations of a Phone Number">
      <UniqueIdentifier>{416d88ba-66a0-41be-908f-d0a40b897987}</UniqueIdentifier>
    </Filter>
    <Filter Include="Problem 18-4Sum">
      <UniqueIdentifier>{f00043a5-1a4f-43b0-a089-1abe4c863dfc}</UniqueIdentifier>
    </Filter>
    <Filter Include="Problem 19-Remove Nth Node From End of List">
      <UniqueIdentifier>{1230a3a6-1702-4676-a208-27ae821830ef}</UniqueIdentifier>
    </Filter>
    <Filter Include="Problem 20-Valid Parentheses">
      <UniqueIdentifier>{10f18cd9-88cf-448b-8f8e-19c754bf18ec}</UniqueIdentifier>
    </Filter>
    <Filter Include="Problem 21-Merge Two Sorted Lists">
      <UniqueIdentifier>{a3279a87-45bd-4533-a8d7-3e2c79e31677}</UniqueIdentifier>
    </Filter>
    <Filter Include="Problem 22-Generate Parentheses">
      <UniqueIdentifier>{f14dcef2-9583-4ed4-b606-61dcb4d92143}</UniqueIdentifier>
    </Filter>
    <Filter Include="Problem 23-Merge k Sorted Lists">
      <UniqueIdentifier>{3f67076a-ff3c-42dc-a4ad-041a8252c975}</UniqueIdentifier>
    </Filter>
    <Filter Include="Problem 24-Swap Nodes in Pairs">
      <UniqueIdentifier>{0e77580d-6253-45fc-bd47-a9305679c0d7}</UniqueIdentifier>
    </Filter>
    <Filter Include="Problem 25-Reverse Nodes in k-Group">
      <UniqueIdentifier>{eda871e4-3169-4d69-a0a8-4dc26537ccba}</UniqueIdentifier>
    </Filter>
    <Filter Include="Problem 26-Remove Duplicates from Sorted Array">
      <UniqueIdentifier>{f1bf5401-d83b-4552-9fcb-5f648d3156ba}</UniqueIdentifier>
    </Filter>
    <Filter Include="Problem 27-Remove Element">
      <UniqueIdentifier>{baeaf9d8-e440-4b91-b85e-7bca0389489f}</UniqueIdentifier>
    </Filter>
    <Filter Include="Problem 29-Divide Two Integers">
      <UniqueIdentifier>{01339461-10a9-4283-a68b-c9fc0db20da8}</UniqueIdentifier>
    </Filter>
    <Filter Include="Problem 28-Implement strStr">
      <UniqueIdentifier>{9f14616c-fd24-40e3-9c1f-24012f15bef0}</UniqueIdentifier>
    </Filter>
    <Filter Include="Problem 30-Substring with Concatenation of All Words">
      <UniqueIdentifier>{3056b440-4e27-45fa-b166-b62a4e1b74d5}</UniqueIdentifier>
    </Filter>
    <Filter Include="Problem 31-Next Permutation">
      <UniqueIdentifier>{8bfc1c31-caa9-4e81-a5f3-6a441e6ac5fa}</UniqueIdentifier>
    </Filter>
    <Filter Include="Problem 32-Longest Valid Parentheses">
      <UniqueIdentifier>{56172dc0-0952-466c-832e-caeee4032a4a}</UniqueIdentifier>
    </Filter>
    <Filter Include="Problem 33-Search in Rotated Sorted Array">
      <UniqueIdentifier>{e1c1c0ec-4856-4ad4-bf32-5c3acb397147}</UniqueIdentifier>
    </Filter>
    <Filter Include="Problem 34-Find First and Last Position of Element in Sorted Array">
      <UniqueIdentifier>{17f3f9ca-9fad-481f-b7b4-e858fd37cadf}</UniqueIdentifier>
    </Filter>
    <Filter Include="Problem 35-Search Insert Position">
      <UniqueIdentifier>{d03b0be3-d98f-41c1-83dc-4c9294c6721e}</UniqueIdentifier>
    </Filter>
    <Filter Include="Problem 36-Valid Sudoku">
      <UniqueIdentifier>{14d006fb-239a-42d3-a892-aeebf7373cbf}</UniqueIdentifier>
    </Filter>
    <Filter Include="Problem 38-Count and Say">
      <UniqueIdentifier>{09b89848-8c0e-4b2a-8be5-468d7a5f5731}</UniqueIdentifier>
    </Filter>
    <Filter Include="Problem 39-Combination Sum">
      <UniqueIdentifier>{ecc9844d-1aaa-4d73-8fca-b9b371420138}</UniqueIdentifier>
    </Filter>
    <Filter Include="Problem 40-Combination Sum II">
      <UniqueIdentifier>{71e6b13d-7c96-4d02-bab9-b1a1fd36dbfb}</UniqueIdentifier>
    </Filter>
    <Filter Include="Problem 41-First Missing Positive">
      <UniqueIdentifier>{0909ab64-c667-4a5c-884a-7a89cef31db5}</UniqueIdentifier>
    </Filter>
    <Filter Include="Problem 42-Trapping Rain Water">
      <UniqueIdentifier>{49f1e3f9-b047-470b-868f-827ef89aa0e6}</UniqueIdentifier>
    </Filter>
    <Filter Include="Problem 43-Multiply Strings">
      <UniqueIdentifier>{e4d460f1-91c6-4ffe-ade2-d6903fd229fc}</UniqueIdentifier>
    </Filter>
    <Filter Include="Problem 44-Wildcard Matching">
      <UniqueIdentifier>{1df19d6b-b4df-474b-9f3e-58017b109e91}</UniqueIdentifier>
    </Filter>
    <Filter Include="Problem 45-Jump Game II">
      <UniqueIdentifier>{5786e862-9e86-4b73-8199-2bac69e3e1b5}</UniqueIdentifier>
    </Filter>
    <Filter Include="Problem 46-Permutations">
      <UniqueIdentifier>{2deaf3b7-d386-4eb4-bc61-3554c801737b}</UniqueIdentifier>
    </Filter>
    <Filter Include="Problem 47-Permutations II">
      <UniqueIdentifier>{0352ae30-8f0a-4591-9a9d-86dc49b13f79}</UniqueIdentifier>
    </Filter>
    <Filter Include="Problem 48-Rotate Image">
      <UniqueIdentifier>{7a205608-11d1-4938-8447-709f404a042f}</UniqueIdentifier>
    </Filter>
    <Filter Include="Problem 37-Sudoku Solver">
      <UniqueIdentifier>{2cff4808-dc71-4987-8f59-15f4dc68161d}</UniqueIdentifier>
    </Filter>
    <Filter Include="Problem 51-N-Queens">
      <UniqueIdentifier>{832498c8-a305-426a-95dd-22fa016db27c}</UniqueIdentifier>
    </Filter>
    <Filter Include="Problem 52-N-Queens II">
      <UniqueIdentifier>{cc381fd4-521d-46f0-9589-bcceea449ffc}</UniqueIdentifier>
    </Filter>
    <Filter Include="Problem 54-Spiral Matrix">
      <UniqueIdentifier>{754e48b9-d27a-4936-86d3-e5a75f8f0a54}</UniqueIdentifier>
    </Filter>
    <Filter Include="Problem 55-Jump Game">
      <UniqueIdentifier>{a3490807-18d5-4e82-bfeb-3622a47e1cd0}</UniqueIdentifier>
    </Filter>
    <Filter Include="Problem 56-Merge Intervals">
      <UniqueIdentifier>{b2b1d856-a099-41d6-945f-8ee810d7f4d2}</UniqueIdentifier>
    </Filter>
    <Filter Include="Problem 100-Same Tree">
      <UniqueIdentifier>{ecb37156-b404-40b9-a242-22e78707a85e}</UniqueIdentifier>
    </Filter>
    <Filter Include="Problem 94-Binary Tree Inorder Traversal">
      <UniqueIdentifier>{244b0bee-3484-4ad1-af18-2531b3482073}</UniqueIdentifier>
    </Filter>
    <Filter Include="Problem 95-Unique Binary Search Trees II">
      <UniqueIdentifier>{c1ba184a-7749-4f1c-83fc-31005434d608}</UniqueIdentifier>
    </Filter>
    <Filter Include="Problem 96-Unique Binary Search Trees">
      <UniqueIdentifier>{65c6451a-3a90-4c45-bca2-672c08983790}</UniqueIdentifier>
    </Filter>
    <Filter Include="Problem 75-Sort Colors">
      <UniqueIdentifier>{277b0ba4-16e2-4706-b93f-8fc883457593}</UniqueIdentifier>
    </Filter>
    <Filter Include="Problem 76-Minimum Window Substring">
      <UniqueIdentifier>{34243565-0379-41ac-b248-161e608bf613}</UniqueIdentifier>
    </Filter>
    <Filter Include="Problem 146-LRU Cache">
      <UniqueIdentifier>{9fe33a79-fa82-4e77-9389-be5d184c3343}</UniqueIdentifier>
    </Filter>
    <Filter Include="Problem 460-LFU Cache">
      <UniqueIdentifier>{abfe2319-1758-46a2-9a1c-327155df51e8}</UniqueIdentifier>
    </Filter>
    <Filter Include="Problem 69-Sqrt%28x%29">
      <UniqueIdentifier>{e0929e3c-619e-4cce-b6dd-02e3864550a0}</UniqueIdentifier>
    </Filter>
    <Filter Include="Problem 367-Valid Perfect Square">
      <UniqueIdentifier>{a3c5b61f-d915-4ca0-9b90-b62a70f255d8}</UniqueIdentifier>
    </Filter>
    <Filter Include="Problem 633-Sum of Square Numbers">
      <UniqueIdentifier>{b0e43158-16ad-438d-af76-9599a5de1d56}</UniqueIdentifier>
    </Filter>
    <Filter Include="Problem 57-Insert Interval">
      <UniqueIdentifier>{065ee8c1-f5b4-40db-adf4-a8c5e268fd73}</UniqueIdentifier>
    </Filter>
    <Filter Include="Problem 58-Length of Last Word">
      <UniqueIdentifier>{77599aff-e730-4d46-945d-547e18594665}</UniqueIdentifier>
    </Filter>
    <Filter Include="Problem 59-Spiral Matrix II">
      <UniqueIdentifier>{70e89baf-437b-4fb5-a1be-4c5d39c0cfb3}</UniqueIdentifier>
    </Filter>
    <Filter Include="Problem 77-Combinations">
      <UniqueIdentifier>{04e3a27c-c979-4d73-b61c-0df38b68ced8}</UniqueIdentifier>
    </Filter>
    <Filter Include="Problem 60-Permutation Sequence">
      <UniqueIdentifier>{31a349a2-04f6-44ea-9f56-046da0ef90e1}</UniqueIdentifier>
    </Filter>
    <Filter Include="Problem 416-Partition Equal Subset Sum">
      <UniqueIdentifier>{91af1e55-3407-4d6d-b870-52d24941ccd2}</UniqueIdentifier>
    </Filter>
    <Filter Include="Problem 115-Distinct Subsequences">
      <UniqueIdentifier>{870d0d30-1732-4942-9e72-90f449eb77c3}</UniqueIdentifier>
    </Filter>
    <Filter Include="Problem 72-Edit Distance">
      <UniqueIdentifier>{d60da97e-394a-4588-a05f-ae211b30c9aa}</UniqueIdentifier>
    </Filter>
    <Filter Include="Problem 61-Rotate List">
      <UniqueIdentifier>{6d09cfe8-e84d-4544-8e4c-163c1ed2fcb5}</UniqueIdentifier>
    </Filter>
    <Filter Include="Problem 62-Unique Paths">
      <UniqueIdentifier>{dcc9dea2-8bd0-4e99-aa9a-7df0525ff50a}</UniqueIdentifier>
    </Filter>
    <Filter Include="Problem 63-Unique Paths II">
      <UniqueIdentifier>{15c91f19-00b2-47c3-82c9-eabb2118adde}</UniqueIdentifier>
    </Filter>
    <Filter Include="Problem 64-Minimum Path Sum">
      <UniqueIdentifier>{e8546835-244d-48fd-95ba-d8568d78ab93}</UniqueIdentifier>
    </Filter>
    <Filter Include="Problem 65-Valid Number">
      <UniqueIdentifier>{2202ead6-9e63-4e4e-acbb-b687064f4f65}</UniqueIdentifier>
    </Filter>
    <Filter Include="Problem 49-Group Anagrams">
      <UniqueIdentifier>{4b03517c-4851-4a7b-911c-8654ac6aede9}</UniqueIdentifier>
    </Filter>
    <Filter Include="Problem 50-Pow%28x, n%29">
      <UniqueIdentifier>{e17c8216-b20b-4911-ab89-73f525911338}</UniqueIdentifier>
    </Filter>
    <Filter Include="Problem 66-Plus One">
      <UniqueIdentifier>{69846813-a04b-433c-8615-3738b6b8f84e}</UniqueIdentifier>
    </Filter>
    <Filter Include="Problem 67-Add Binary">
      <UniqueIdentifier>{ab661626-e804-4feb-a2ff-eed5977fd987}</UniqueIdentifier>
    </Filter>
    <Filter Include="Problem 53-Maximum Subarray">
      <UniqueIdentifier>{d7468d6f-60ba-4832-b2de-b78636f83661}</UniqueIdentifier>
    </Filter>
    <Filter Include="Problem 68-Text Justification">
      <UniqueIdentifier>{fef2c12d-4184-41c0-b476-b02a89303cad}</UniqueIdentifier>
    </Filter>
    <Filter Include="Problem 70-Climbing Stairs">
      <UniqueIdentifier>{1eb13264-23fe-4647-9c0b-d0a6c5f6d0aa}</UniqueIdentifier>
    </Filter>
    <Filter Include="Problem 71-Simplify Path">
      <UniqueIdentifier>{eaaf0ae0-22d2-45a6-bc72-27b97e2ae2bd}</UniqueIdentifier>
    </Filter>
    <Filter Include="Problem 73-Set Matrix Zeroes">
      <UniqueIdentifier>{c2c3f47e-7d5b-4010-a1e3-8839b1e654cc}</UniqueIdentifier>
    </Filter>
    <Filter Include="Problem 74-Search a 2D Matrix">
      <UniqueIdentifier>{4e615deb-f595-47a0-b658-917d2155bba3}</UniqueIdentifier>
    </Filter>
    <Filter Include="Problem 78-Subsets">
      <UniqueIdentifier>{815b3f1a-ec7c-4965-a0b8-aa0c5abab98e}</UniqueIdentifier>
    </Filter>
    <Filter Include="Problem 79-Word Search">
      <UniqueIdentifier>{733a6b46-ab34-430d-8dbb-07f40c7f50c6}</UniqueIdentifier>
    </Filter>
    <Filter Include="Problem 80-Remove Duplicates from Sorted Array II">
      <UniqueIdentifier>{0d634be6-52d6-42e2-8619-e2985b7aa8d8}</UniqueIdentifier>
    </Filter>
    <Filter Include="Problem 81-Search in Rotated Sorted Array II">
      <UniqueIdentifier>{078d8c86-5f37-4a5f-8392-4a0601c65b7a}</UniqueIdentifier>
    </Filter>
    <Filter Include="Problem 82-Remove Duplicates from Sorted List II">
      <UniqueIdentifier>{3e9baf43-cba1-47c4-82ee-9c717b988c67}</UniqueIdentifier>
    </Filter>
    <Filter Include="Problem 83-Remove Duplicates from Sorted List">
      <UniqueIdentifier>{21f6cbfc-784d-424e-b46c-7fa8228a1048}</UniqueIdentifier>
    </Filter>
    <Filter Include="Problem 84-Largest Rectangle in Histogram">
      <UniqueIdentifier>{c80111ec-2033-4f48-bbd6-480d99ea04f7}</UniqueIdentifier>
    </Filter>
    <Filter Include="Problem 85-Maximal Rectangle">
      <UniqueIdentifier>{cdf54927-bfb0-4cc3-858c-d45d11beae84}</UniqueIdentifier>
    </Filter>
    <Filter Include="Problem 86-Partition List">
      <UniqueIdentifier>{ab86bcc9-4a08-4414-a233-b7c58de0d830}</UniqueIdentifier>
    </Filter>
    <Filter Include="Problem 87-Scramble String">
      <UniqueIdentifier>{4b95d3eb-a1c8-4aad-81ff-931c69af6d7c}</UniqueIdentifier>
    </Filter>
    <Filter Include="Problem 88-Merge Sorted Array">
      <UniqueIdentifier>{6684909d-4e9e-4eba-913d-7616d9e8729d}</UniqueIdentifier>
    </Filter>
    <Filter Include="Problem 89-Gray Code">
      <UniqueIdentifier>{72d22a5b-ca9b-43af-9d77-87173c97e3de}</UniqueIdentifier>
    </Filter>
    <Filter Include="Problem 90-Subsets II">
      <UniqueIdentifier>{c94276ca-0cf2-4463-84dc-0257b36fe7db}</UniqueIdentifier>
    </Filter>
    <Filter Include="Problem 91-Decode Ways">
      <UniqueIdentifier>{018aae56-7a2b-44d8-91bd-981d5d1f1733}</UniqueIdentifier>
    </Filter>
  </ItemGroup>
  <ItemGroup>
    <Text Include="ReadMe.txt" />
  </ItemGroup>
  <ItemGroup>
    <ClInclude Include="stdafx.h">
      <Filter>头文件</Filter>
    </ClInclude>
    <ClInclude Include="targetver.h">
      <Filter>头文件</Filter>
    </ClInclude>
    <ClInclude Include="Problem 10-Regular Expression Matching\Solution10.h">
      <Filter>Problem 10-Regular Expression Matching</Filter>
    </ClInclude>
    <ClInclude Include="Problem 11-Container With Most Water\Solution11.h">
      <Filter>Problem 11-Container With Most Water</Filter>
    </ClInclude>
    <ClInclude Include="Problem 12-Integer to Roman\Solution12.h">
      <Filter>Problem 12-Integer to Roman</Filter>
    </ClInclude>
    <ClInclude Include="Problem 13-Roman to Integer\Solution13.h">
      <Filter>Problem 13-Roman to Integer</Filter>
    </ClInclude>
    <ClInclude Include="Problem 14-Longest Common Prefix\Solution14.h">
      <Filter>Problem 14-Longest Common Prefix</Filter>
    </ClInclude>
    <ClInclude Include="Problem 15-3Sum\Solution15.h">
      <Filter>Problem 15-3Sum</Filter>
    </ClInclude>
    <ClInclude Include="Problem 16-3Sum Closest\Solution16.h">
      <Filter>Problem 16-3Sum Closest</Filter>
    </ClInclude>
    <ClInclude Include="Problem 17-Letter Combinations of a Phone Number\Solution17.h">
      <Filter>Problem 17-Letter Combinations of a Phone Number</Filter>
    </ClInclude>
    <ClInclude Include="Problem 18-4Sum\Solution18.h">
      <Filter>Problem 18-4Sum</Filter>
    </ClInclude>
    <ClInclude Include="Problem 19-Remove Nth Node From End of List\Solution19.h">
      <Filter>Problem 19-Remove Nth Node From End of List</Filter>
    </ClInclude>
    <ClInclude Include="Problem 20-Valid Parentheses\Solution20.h">
      <Filter>Problem 20-Valid Parentheses</Filter>
    </ClInclude>
    <ClInclude Include="Problem 21-Merge Two Sorted Lists\Solution21.h">
      <Filter>Problem 21-Merge Two Sorted Lists</Filter>
    </ClInclude>
    <ClInclude Include="Problem 22-Generate Parentheses\Solution22.h">
      <Filter>Problem 22-Generate Parentheses</Filter>
    </ClInclude>
    <ClInclude Include="Problem 23-Merge k Sorted Lists\Solution23.h">
      <Filter>Problem 23-Merge k Sorted Lists</Filter>
    </ClInclude>
    <ClInclude Include="Problem 24-Swap Nodes in Pairs\Solution24.h">
      <Filter>Problem 24-Swap Nodes in Pairs</Filter>
    </ClInclude>
    <ClInclude Include="Problem 25-Reverse Nodes in k-Group\Solution25.h">
      <Filter>Problem 25-Reverse Nodes in k-Group</Filter>
    </ClInclude>
    <ClInclude Include="headers.h">
      <Filter>头文件</Filter>
    </ClInclude>
    <ClInclude Include="define.h">
      <Filter>头文件</Filter>
    </ClInclude>
    <ClInclude Include="Problem 26-Remove Duplicates from Sorted Array\Solution26.h">
      <Filter>Problem 26-Remove Duplicates from Sorted Array</Filter>
    </ClInclude>
    <ClInclude Include="Problem 27-Remove Element\Solution27.h">
      <Filter>Problem 27-Remove Element</Filter>
    </ClInclude>
    <ClInclude Include="Problem 29-Divide Two Integers\Solution29.h">
      <Filter>Problem 29-Divide Two Integers</Filter>
    </ClInclude>
    <ClInclude Include="Problem 28-Implement strStr\Solution28.h">
      <Filter>Problem 28-Implement strStr</Filter>
    </ClInclude>
    <ClInclude Include="Problem 30-Substring with Concatenation of All Words\Solution30.h">
      <Filter>Problem 30-Substring with Concatenation of All Words</Filter>
    </ClInclude>
    <ClInclude Include="Problem 31-Next Permutation\Solution31.h">
      <Filter>Problem 31-Next Permutation</Filter>
    </ClInclude>
    <ClInclude Include="Problem 32-Longest Valid Parentheses\Solution32.h">
      <Filter>Problem 32-Longest Valid Parentheses</Filter>
    </ClInclude>
    <ClInclude Include="Problem 33-Search in Rotated Sorted Array\Solution33.h">
      <Filter>Problem 33-Search in Rotated Sorted Array</Filter>
    </ClInclude>
    <ClInclude Include="Problem 34-Find First and Last Position of Element in Sorted Array\Solution34.h">
      <Filter>Problem 34-Find First and Last Position of Element in Sorted Array</Filter>
    </ClInclude>
    <ClInclude Include="Problem 35-Search Insert Position\Solution35.h">
      <Filter>Problem 35-Search Insert Position</Filter>
    </ClInclude>
    <ClInclude Include="Problem 36-Valid Sudoku\Solution36.h">
      <Filter>Problem 36-Valid Sudoku</Filter>
    </ClInclude>
    <ClInclude Include="Problem 38-Count and Say\Solution38.h">
      <Filter>Problem 38-Count and Say</Filter>
    </ClInclude>
    <ClInclude Include="Problem 39-Combination Sum\Solution39.h">
      <Filter>Problem 39-Combination Sum</Filter>
    </ClInclude>
    <ClInclude Include="Problem 40-Combination Sum II\Solution40.h">
      <Filter>Problem 40-Combination Sum II</Filter>
    </ClInclude>
    <ClInclude Include="Problem 41-First Missing Positive\Solution41.h">
      <Filter>Problem 41-First Missing Positive</Filter>
    </ClInclude>
    <ClInclude Include="Problem 42-Trapping Rain Water\Solution42.h">
      <Filter>Problem 42-Trapping Rain Water</Filter>
    </ClInclude>
    <ClInclude Include="Problem 43-Multiply Strings\Solution43.h">
      <Filter>Problem 43-Multiply Strings</Filter>
    </ClInclude>
    <ClInclude Include="Problem 44-Wildcard Matching\Solution44.h">
      <Filter>Problem 44-Wildcard Matching</Filter>
    </ClInclude>
    <ClInclude Include="Problem 45-Jump Game II\Solution45.h">
      <Filter>Problem 45-Jump Game II</Filter>
    </ClInclude>
    <ClInclude Include="Problem 46-Permutations\Solution46.h">
      <Filter>Problem 46-Permutations</Filter>
    </ClInclude>
    <ClInclude Include="Problem 47-Permutations II\Solution47.h">
      <Filter>Problem 47-Permutations II</Filter>
    </ClInclude>
    <ClInclude Include="Problem 48-Rotate Image\Solution48.h">
      <Filter>Problem 48-Rotate Image</Filter>
    </ClInclude>
    <ClInclude Include="Problem 49-Group Anagrams\Solution49.h">
      <Filter>Problem 49-Group Anagrams</Filter>
    </ClInclude>
    <ClInclude Include="Problem 50-Pow(x, n)\Solution50.h">
      <Filter>Problem 50-Pow%28x, n%29</Filter>
    </ClInclude>
    <ClInclude Include="Problem 37-Sudoku Solver\Solution37.h">
      <Filter>Problem 37-Sudoku Solver</Filter>
    </ClInclude>
    <ClInclude Include="Problem 51-N-Queens\Solution51.h">
      <Filter>Problem 51-N-Queens</Filter>
    </ClInclude>
    <ClInclude Include="Problem 52-N-Queens II\Solution52.h">
      <Filter>Problem 52-N-Queens II</Filter>
    </ClInclude>
    <ClInclude Include="Problem 53-Maximum Subarray\Solution53.h">
      <Filter>Problem 53-Maximum Subarray</Filter>
    </ClInclude>
    <ClInclude Include="Problem 54-Spiral Matrix\Solution54.h">
      <Filter>Problem 54-Spiral Matrix</Filter>
    </ClInclude>
    <ClInclude Include="Problem 55-Jump Game\Solution55.h">
      <Filter>Problem 55-Jump Game</Filter>
    </ClInclude>
    <ClInclude Include="Problem 56-Merge Intervals\Solution56.h">
      <Filter>Problem 56-Merge Intervals</Filter>
    </ClInclude>
    <ClInclude Include="Problem 100-Same Tree\Solution100.h">
      <Filter>Problem 100-Same Tree</Filter>
    </ClInclude>
    <ClInclude Include="Problem 94-Binary Tree Inorder Traversal\Solution94.h">
      <Filter>Problem 94-Binary Tree Inorder Traversal</Filter>
    </ClInclude>
    <ClInclude Include="Problem 95-Unique Binary Search Trees II\Solution95.h">
      <Filter>Problem 95-Unique Binary Search Trees II</Filter>
    </ClInclude>
    <ClInclude Include="Problem 96-Unique Binary Search Trees\Solution96.h">
      <Filter>Problem 96-Unique Binary Search Trees</Filter>
    </ClInclude>
    <ClInclude Include="Problem 75-Sort Colors\Solution75.h">
      <Filter>Problem 75-Sort Colors</Filter>
    </ClInclude>
    <ClInclude Include="Problem 76-Minimum Window Substring\Solution76.h">
      <Filter>Problem 76-Minimum Window Substring</Filter>
    </ClInclude>
    <ClInclude Include="Problem 146-LRU Cache\Solution146.h">
      <Filter>Problem 146-LRU Cache</Filter>
    </ClInclude>
    <ClInclude Include="Problem 146-LRU Cache\LRUCache.h">
      <Filter>Problem 146-LRU Cache</Filter>
    </ClInclude>
    <ClInclude Include="Problem 460-LFU Cache\Solution460.h">
      <Filter>Problem 460-LFU Cache</Filter>
    </ClInclude>
    <ClInclude Include="Problem 460-LFU Cache\LFUCache.h">
      <Filter>Problem 460-LFU Cache</Filter>
    </ClInclude>
    <ClInclude Include="Problem 69-Sqrt(x)\Solution69.h">
      <Filter>Problem 69-Sqrt%28x%29</Filter>
    </ClInclude>
    <ClInclude Include="Problem 367-Valid Perfect Square\Solution367.h">
      <Filter>Problem 367-Valid Perfect Square</Filter>
    </ClInclude>
    <ClInclude Include="Problem 633-Sum of Square Numbers\Solution633.h">
      <Filter>Problem 633-Sum of Square Numbers</Filter>
    </ClInclude>
    <ClInclude Include="Problem 57-Insert Interval\Solution57.h">
      <Filter>Problem 57-Insert Interval</Filter>
    </ClInclude>
    <ClInclude Include="Problem 58-Length of Last Word\Solution58.h">
      <Filter>Problem 58-Length of Last Word</Filter>
    </ClInclude>
    <ClInclude Include="Problem 59-Spiral Matrix II\Solution59.h">
      <Filter>Problem 59-Spiral Matrix II</Filter>
    </ClInclude>
    <ClInclude Include="Problem 77-Combinations\Solution77.h">
      <Filter>Problem 77-Combinations</Filter>
    </ClInclude>
    <ClInclude Include="Problem 60-Permutation Sequence\Solution60.h">
      <Filter>Problem 60-Permutation Sequence</Filter>
    </ClInclude>
    <ClInclude Include="Problem 416-Partition Equal Subset Sum\Solution416.h">
      <Filter>Problem 416-Partition Equal Subset Sum</Filter>
    </ClInclude>
    <ClInclude Include="Problem 115-Distinct Subsequences\Solution115.h">
      <Filter>Problem 115-Distinct Subsequences</Filter>
    </ClInclude>
    <ClInclude Include="Problem 72-Edit Distance\Solution72.h">
      <Filter>Problem 72-Edit Distance</Filter>
    </ClInclude>
    <ClInclude Include="Problem 61-Rotate List\Solution61.h">
      <Filter>Problem 61-Rotate List</Filter>
    </ClInclude>
    <ClInclude Include="Problem 62-Unique Paths\Solution62.h">
      <Filter>Problem 62-Unique Paths</Filter>
    </ClInclude>
    <ClInclude Include="Problem 63-Unique Paths II\Solution63.h">
      <Filter>Problem 63-Unique Paths II</Filter>
    </ClInclude>
    <ClInclude Include="Problem 64-Minimum Path Sum\Solution64.h">
      <Filter>Problem 64-Minimum Path Sum</Filter>
    </ClInclude>
    <ClInclude Include="Problem 65-Valid Number\Solution65.h">
      <Filter>Problem 65-Valid Number</Filter>
    </ClInclude>
    <ClInclude Include="Problem 66-Plus One\Solution66.h">
      <Filter>Problem 66-Plus One</Filter>
    </ClInclude>
    <ClInclude Include="Problem 67-Add Binary\Solution67.h">
      <Filter>Problem 67-Add Binary</Filter>
    </ClInclude>
    <ClInclude Include="Problem 68-Text Justification\Solution68.h">
      <Filter>Problem 68-Text Justification</Filter>
    </ClInclude>
    <ClInclude Include="common\operation_math.h">
      <Filter>common</Filter>
    </ClInclude>
    <ClInclude Include="common\common.h">
      <Filter>common</Filter>
    </ClInclude>
    <ClInclude Include="Problem 70-Climbing Stairs\Solution70.h">
      <Filter>Problem 70-Climbing Stairs</Filter>
    </ClInclude>
    <ClInclude Include="Problem 71-Simplify Path\Solution71.h">
      <Filter>Problem 71-Simplify Path</Filter>
    </ClInclude>
    <ClInclude Include="Problem 73-Set Matrix Zeroes\Solution73.h">
      <Filter>Problem 73-Set Matrix Zeroes</Filter>
    </ClInclude>
    <ClInclude Include="Problem 74-Search a 2D Matrix\Solution74.h">
      <Filter>Problem 74-Search a 2D Matrix</Filter>
    </ClInclude>
    <ClInclude Include="Problem 78-Subsets\Solution78.h">
      <Filter>Problem 78-Subsets</Filter>
    </ClInclude>
    <ClInclude Include="Problem 79-Word Search\Solution79.h">
      <Filter>Problem 79-Word Search</Filter>
    </ClInclude>
    <ClInclude Include="Problem 80-Remove Duplicates from Sorted Array II\Solution80.h">
      <Filter>Problem 80-Remove Duplicates from Sorted Array II</Filter>
    </ClInclude>
    <ClInclude Include="Problem 81-Search in Rotated Sorted Array II\Solution81.h">
      <Filter>Problem 81-Search in Rotated Sorted Array II</Filter>
    </ClInclude>
    <ClInclude Include="Problem 82-Remove Duplicates from Sorted List II\Solution82.h">
      <Filter>Problem 82-Remove Duplicates from Sorted List II</Filter>
    </ClInclude>
    <ClInclude Include="Problem 83-Remove Duplicates from Sorted List\Solution83.h">
      <Filter>Problem 83-Remove Duplicates from Sorted List</Filter>
    </ClInclude>
    <ClInclude Include="Problem 84-Largest Rectangle in Histogram\Solution84.h">
      <Filter>Problem 84-Largest Rectangle in Histogram</Filter>
    </ClInclude>
    <ClInclude Include="Problem 85-Maximal Rectangle\Solution85.h">
      <Filter>Problem 85-Maximal Rectangle</Filter>
    </ClInclude>
    <ClInclude Include="Problem 86-Partition List\Solution86.h">
      <Filter>Problem 86-Partition List</Filter>
    </ClInclude>
    <ClInclude Include="Problem 87-Scramble String\Solution87.h">
      <Filter>Problem 87-Scramble String</Filter>
    </ClInclude>
    <ClInclude Include="Problem 88-Merge Sorted Array\Solution88.h">
      <Filter>Problem 88-Merge Sorted Array</Filter>
    </ClInclude>
    <ClInclude Include="Problem 89-Gray Code\Solution89.h">
      <Filter>Problem 89-Gray Code</Filter>
    </ClInclude>
    <ClInclude Include="Problem 90-Subsets II\Solution90.h">
      <Filter>Problem 90-Subsets II</Filter>
    </ClInclude>
    <ClInclude Include="Problem 91-Decode Ways\Solution91.h">
      <Filter>Problem 91-Decode Ways</Filter>
    </ClInclude>
  </ItemGroup>
  <ItemGroup>
    <ClCompile Include="stdafx.cpp">
      <Filter>源文件</Filter>
    </ClCompile>
    <ClCompile Include="LeetCode.cpp">
      <Filter>源文件</Filter>
    </ClCompile>
    <ClCompile Include="Problem 10-Regular Expression Matching\Solution10.cpp">
      <Filter>Problem 10-Regular Expression Matching</Filter>
    </ClCompile>
    <ClCompile Include="Problem 11-Container With Most Water\Solution11.cpp">
      <Filter>Problem 11-Container With Most Water</Filter>
    </ClCompile>
    <ClCompile Include="Problem 12-Integer to Roman\Solution12.cpp">
      <Filter>Problem 12-Integer to Roman</Filter>
    </ClCompile>
    <ClCompile Include="Problem 13-Roman to Integer\Solution13.cpp">
      <Filter>Problem 13-Roman to Integer</Filter>
    </ClCompile>
    <ClCompile Include="Problem 14-Longest Common Prefix\Solution14.cpp">
      <Filter>Problem 14-Longest Common Prefix</Filter>
    </ClCompile>
    <ClCompile Include="Problem 15-3Sum\Solution15.cpp">
      <Filter>Problem 15-3Sum</Filter>
    </ClCompile>
    <ClCompile Include="Problem 16-3Sum Closest\Solution16.cpp">
      <Filter>Problem 16-3Sum Closest</Filter>
    </ClCompile>
    <ClCompile Include="Problem 17-Letter Combinations of a Phone Number\Solution17.cpp">
      <Filter>Problem 17-Letter Combinations of a Phone Number</Filter>
    </ClCompile>
    <ClCompile Include="Problem 18-4Sum\Solution18.cpp">
      <Filter>Problem 18-4Sum</Filter>
    </ClCompile>
    <ClCompile Include="Problem 19-Remove Nth Node From End of List\Solution19.cpp">
      <Filter>Problem 19-Remove Nth Node From End of List</Filter>
    </ClCompile>
    <ClCompile Include="Problem 20-Valid Parentheses\Solution20.cpp">
      <Filter>Problem 20-Valid Parentheses</Filter>
    </ClCompile>
    <ClCompile Include="Problem 21-Merge Two Sorted Lists\Solution21.cpp">
      <Filter>Problem 21-Merge Two Sorted Lists</Filter>
    </ClCompile>
    <ClCompile Include="Problem 22-Generate Parentheses\Solution22.cpp">
      <Filter>Problem 22-Generate Parentheses</Filter>
    </ClCompile>
    <ClCompile Include="Problem 23-Merge k Sorted Lists\Solution23.cpp">
      <Filter>Problem 23-Merge k Sorted Lists</Filter>
    </ClCompile>
    <ClCompile Include="Problem 24-Swap Nodes in Pairs\Solution24.cpp">
      <Filter>Problem 24-Swap Nodes in Pairs</Filter>
    </ClCompile>
    <ClCompile Include="Problem 25-Reverse Nodes in k-Group\Solution25.cpp">
      <Filter>Problem 25-Reverse Nodes in k-Group</Filter>
    </ClCompile>
    <ClCompile Include="define.cpp">
      <Filter>源文件</Filter>
    </ClCompile>
    <ClCompile Include="Problem 26-Remove Duplicates from Sorted Array\Solution26.cpp">
      <Filter>Problem 26-Remove Duplicates from Sorted Array</Filter>
    </ClCompile>
    <ClCompile Include="Problem 27-Remove Element\Solution27.cpp">
      <Filter>Problem 27-Remove Element</Filter>
    </ClCompile>
    <ClCompile Include="Problem 29-Divide Two Integers\Solution29.cpp">
      <Filter>Problem 29-Divide Two Integers</Filter>
    </ClCompile>
    <ClCompile Include="Problem 28-Implement strStr\Solution28.cpp">
      <Filter>Problem 28-Implement strStr</Filter>
    </ClCompile>
    <ClCompile Include="Problem 30-Substring with Concatenation of All Words\Solution30.cpp">
      <Filter>Problem 30-Substring with Concatenation of All Words</Filter>
    </ClCompile>
    <ClCompile Include="Problem 31-Next Permutation\Solution31.cpp">
      <Filter>Problem 31-Next Permutation</Filter>
    </ClCompile>
    <ClCompile Include="Problem 32-Longest Valid Parentheses\Solution32.cpp">
      <Filter>Problem 32-Longest Valid Parentheses</Filter>
    </ClCompile>
    <ClCompile Include="Problem 33-Search in Rotated Sorted Array\Solution33.cpp">
      <Filter>Problem 33-Search in Rotated Sorted Array</Filter>
    </ClCompile>
    <ClCompile Include="Problem 34-Find First and Last Position of Element in Sorted Array\Solution34.cpp">
      <Filter>Problem 34-Find First and Last Position of Element in Sorted Array</Filter>
    </ClCompile>
    <ClCompile Include="Problem 35-Search Insert Position\Solution35.cpp">
      <Filter>Problem 35-Search Insert Position</Filter>
    </ClCompile>
    <ClCompile Include="Problem 36-Valid Sudoku\Solution36.cpp">
      <Filter>Problem 36-Valid Sudoku</Filter>
    </ClCompile>
    <ClCompile Include="Problem 38-Count and Say\Solution38.cpp">
      <Filter>Problem 38-Count and Say</Filter>
    </ClCompile>
    <ClCompile Include="Problem 39-Combination Sum\Solution39.cpp">
      <Filter>Problem 39-Combination Sum</Filter>
    </ClCompile>
    <ClCompile Include="Problem 40-Combination Sum II\Solution40.cpp">
      <Filter>Problem 40-Combination Sum II</Filter>
    </ClCompile>
    <ClCompile Include="Problem 41-First Missing Positive\Solution41.cpp">
      <Filter>Problem 41-First Missing Positive</Filter>
    </ClCompile>
    <ClCompile Include="Problem 42-Trapping Rain Water\Solution42.cpp">
      <Filter>Problem 42-Trapping Rain Water</Filter>
    </ClCompile>
    <ClCompile Include="Problem 43-Multiply Strings\Solution43.cpp">
      <Filter>Problem 43-Multiply Strings</Filter>
    </ClCompile>
    <ClCompile Include="Problem 44-Wildcard Matching\Solution44.cpp">
      <Filter>Problem 44-Wildcard Matching</Filter>
    </ClCompile>
    <ClCompile Include="Problem 45-Jump Game II\Solution45.cpp">
      <Filter>Problem 45-Jump Game II</Filter>
    </ClCompile>
    <ClCompile Include="Problem 46-Permutations\Solution46.cpp">
      <Filter>Problem 46-Permutations</Filter>
    </ClCompile>
    <ClCompile Include="Problem 47-Permutations II\Solution47.cpp">
      <Filter>Problem 47-Permutations II</Filter>
    </ClCompile>
    <ClCompile Include="Problem 48-Rotate Image\Solution48.cpp">
      <Filter>Problem 48-Rotate Image</Filter>
    </ClCompile>
    <ClCompile Include="Problem 49-Group Anagrams\Solution49.cpp">
      <Filter>Problem 49-Group Anagrams</Filter>
    </ClCompile>
    <ClCompile Include="Problem 50-Pow(x, n)\Solution50.cpp">
      <Filter>Problem 50-Pow%28x, n%29</Filter>
    </ClCompile>
    <ClCompile Include="Problem 37-Sudoku Solver\Solution37.cpp">
      <Filter>Problem 37-Sudoku Solver</Filter>
    </ClCompile>
    <ClCompile Include="Problem 51-N-Queens\Solution51.cpp">
      <Filter>Problem 51-N-Queens</Filter>
    </ClCompile>
    <ClCompile Include="Problem 52-N-Queens II\Solution52.cpp">
      <Filter>Problem 52-N-Queens II</Filter>
    </ClCompile>
    <ClCompile Include="Problem 53-Maximum Subarray\Solution53.cpp">
      <Filter>Problem 53-Maximum Subarray</Filter>
    </ClCompile>
    <ClCompile Include="Problem 54-Spiral Matrix\Solution54.cpp">
      <Filter>Problem 54-Spiral Matrix</Filter>
    </ClCompile>
    <ClCompile Include="Problem 55-Jump Game\Solution55.cpp">
      <Filter>Problem 55-Jump Game</Filter>
    </ClCompile>
    <ClCompile Include="Problem 56-Merge Intervals\Solution56.cpp">
      <Filter>Problem 56-Merge Intervals</Filter>
    </ClCompile>
    <ClCompile Include="Problem 100-Same Tree\Solution100.cpp">
      <Filter>Problem 100-Same Tree</Filter>
    </ClCompile>
    <ClCompile Include="Problem 94-Binary Tree Inorder Traversal\Solution94.cpp">
      <Filter>Problem 94-Binary Tree Inorder Traversal</Filter>
    </ClCompile>
    <ClCompile Include="Problem 95-Unique Binary Search Trees II\Solution95.cpp">
      <Filter>Problem 95-Unique Binary Search Trees II</Filter>
    </ClCompile>
    <ClCompile Include="Problem 96-Unique Binary Search Trees\Solution96.cpp">
      <Filter>Problem 96-Unique Binary Search Trees</Filter>
    </ClCompile>
    <ClCompile Include="Problem 75-Sort Colors\Solution75.cpp">
      <Filter>Problem 75-Sort Colors</Filter>
    </ClCompile>
    <ClCompile Include="Problem 76-Minimum Window Substring\Solution76.cpp">
      <Filter>Problem 76-Minimum Window Substring</Filter>
    </ClCompile>
    <ClCompile Include="Problem 146-LRU Cache\Solution146.cpp">
      <Filter>Problem 146-LRU Cache</Filter>
    </ClCompile>
    <ClCompile Include="Problem 146-LRU Cache\LRUCache.cpp">
      <Filter>Problem 146-LRU Cache</Filter>
    </ClCompile>
    <ClCompile Include="Problem 460-LFU Cache\Solution460.cpp">
      <Filter>Problem 460-LFU Cache</Filter>
    </ClCompile>
    <ClCompile Include="Problem 460-LFU Cache\LFUCache.cpp">
      <Filter>Problem 460-LFU Cache</Filter>
    </ClCompile>
    <ClCompile Include="Problem 69-Sqrt(x)\Solution69.cpp">
      <Filter>Problem 69-Sqrt%28x%29</Filter>
    </ClCompile>
    <ClCompile Include="Problem 367-Valid Perfect Square\Solution367.cpp">
      <Filter>Problem 367-Valid Perfect Square</Filter>
    </ClCompile>
    <ClCompile Include="Problem 633-Sum of Square Numbers\Solution633.cpp">
      <Filter>Problem 633-Sum of Square Numbers</Filter>
    </ClCompile>
    <ClCompile Include="Problem 57-Insert Interval\Solution57.cpp">
      <Filter>Problem 57-Insert Interval</Filter>
    </ClCompile>
    <ClCompile Include="Problem 58-Length of Last Word\Solution58.cpp">
      <Filter>Problem 58-Length of Last Word</Filter>
    </ClCompile>
    <ClCompile Include="Problem 59-Spiral Matrix II\Solution59.cpp">
      <Filter>Problem 59-Spiral Matrix II</Filter>
    </ClCompile>
    <ClCompile Include="Problem 77-Combinations\Solution77.cpp">
      <Filter>Problem 77-Combinations</Filter>
    </ClCompile>
    <ClCompile Include="Problem 60-Permutation Sequence\Solution60.cpp">
      <Filter>Problem 60-Permutation Sequence</Filter>
    </ClCompile>
    <ClCompile Include="Problem 416-Partition Equal Subset Sum\Solution416.cpp">
      <Filter>Problem 416-Partition Equal Subset Sum</Filter>
    </ClCompile>
    <ClCompile Include="Problem 115-Distinct Subsequences\Solution115.cpp">
      <Filter>Problem 115-Distinct Subsequences</Filter>
    </ClCompile>
    <ClCompile Include="Problem 72-Edit Distance\Solution72.cpp">
      <Filter>Problem 72-Edit Distance</Filter>
    </ClCompile>
    <ClCompile Include="Problem 61-Rotate List\Solution61.cpp">
      <Filter>Problem 61-Rotate List</Filter>
    </ClCompile>
    <ClCompile Include="Problem 62-Unique Paths\Solution62.cpp">
      <Filter>Problem 62-Unique Paths</Filter>
    </ClCompile>
    <ClCompile Include="Problem 63-Unique Paths II\Solution63.cpp">
      <Filter>Problem 63-Unique Paths II</Filter>
    </ClCompile>
    <ClCompile Include="Problem 64-Minimum Path Sum\Solution64.cpp">
      <Filter>Problem 64-Minimum Path Sum</Filter>
    </ClCompile>
    <ClCompile Include="Problem 65-Valid Number\Solution65.cpp">
      <Filter>Problem 65-Valid Number</Filter>
    </ClCompile>
    <ClCompile Include="Problem 66-Plus One\Solution66.cpp">
      <Filter>Problem 66-Plus One</Filter>
    </ClCompile>
    <ClCompile Include="Problem 67-Add Binary\Solution67.cpp">
      <Filter>Problem 67-Add Binary</Filter>
    </ClCompile>
    <ClCompile Include="Problem 68-Text Justification\Solution68.cpp">
      <Filter>Problem 68-Text Justification</Filter>
    </ClCompile>
    <ClCompile Include="Problem 70-Climbing Stairs\Solution70.cpp">
      <Filter>Problem 70-Climbing Stairs</Filter>
    </ClCompile>
    <ClCompile Include="Problem 71-Simplify Path\Solution71.cpp">
      <Filter>Problem 71-Simplify Path</Filter>
    </ClCompile>
    <ClCompile Include="Problem 73-Set Matrix Zeroes\Solution73.cpp">
      <Filter>Problem 73-Set Matrix Zeroes</Filter>
    </ClCompile>
    <ClCompile Include="Problem 74-Search a 2D Matrix\Solution74.cpp">
      <Filter>Problem 74-Search a 2D Matrix</Filter>
    </ClCompile>
    <ClCompile Include="Problem 78-Subsets\Solution78.cpp">
      <Filter>Problem 78-Subsets</Filter>
    </ClCompile>
    <ClCompile Include="Problem 79-Word Search\Solution79.cpp">
      <Filter>Problem 79-Word Search</Filter>
    </ClCompile>
    <ClCompile Include="Problem 80-Remove Duplicates from Sorted Array II\Solution80.cpp">
      <Filter>Problem 80-Remove Duplicates from Sorted Array II</Filter>
    </ClCompile>
    <ClCompile Include="Problem 81-Search in Rotated Sorted Array II\Solution81.cpp">
      <Filter>Problem 81-Search in Rotated Sorted Array II</Filter>
    </ClCompile>
    <ClCompile Include="Problem 82-Remove Duplicates from Sorted List II\Solution82.cpp">
      <Filter>Problem 82-Remove Duplicates from Sorted List II</Filter>
    </ClCompile>
    <ClCompile Include="Problem 83-Remove Duplicates from Sorted List\Solution83.cpp">
      <Filter>Problem 83-Remove Duplicates from Sorted List</Filter>
    </ClCompile>
    <ClCompile Include="Problem 84-Largest Rectangle in Histogram\Solution84.cpp">
      <Filter>Problem 84-Largest Rectangle in Histogram</Filter>
    </ClCompile>
    <ClCompile Include="Problem 85-Maximal Rectangle\Solution85.cpp">
      <Filter>Problem 85-Maximal Rectangle</Filter>
    </ClCompile>
    <ClCompile Include="Problem 86-Partition List\Solution86.cpp">
      <Filter>Problem 86-Partition List</Filter>
    </ClCompile>
    <ClCompile Include="Problem 87-Scramble String\Solution87.cpp">
      <Filter>Problem 87-Scramble String</Filter>
    </ClCompile>
    <ClCompile Include="Problem 88-Merge Sorted Array\Solution88.cpp">
      <Filter>Problem 88-Merge Sorted Array</Filter>
    </ClCompile>
    <ClCompile Include="Problem 89-Gray Code\Solution89.cpp">
      <Filter>Problem 89-Gray Code</Filter>
    </ClCompile>
    <ClCompile Include="Problem 90-Subsets II\Solution90.cpp">
      <Filter>Problem 90-Subsets II</Filter>
    </ClCompile>
    <ClCompile Include="Problem 91-Decode Ways\Solution91.cpp">
      <Filter>Problem 91-Decode Ways</Filter>
    </ClCompile>
  </ItemGroup>
</Project>